// !$*UTF8*$!
{
	archiveVersion = 1;
	classes = {
	};
	objectVersion = 46;
	objects = {

/* Begin PBXBuildFile section */
		2E2F611E1CF6DE6300D9CAC9 /* Fabric.framework in Frameworks */ = {isa = PBXBuildFile; fileRef = 2E2F611A1CF6DE6300D9CAC9 /* Fabric.framework */; };
		2E2F611F1CF6DE6300D9CAC9 /* TwitterKit.framework in Frameworks */ = {isa = PBXBuildFile; fileRef = 2E2F611B1CF6DE6300D9CAC9 /* TwitterKit.framework */; };
		2E2F61201CF6DE6300D9CAC9 /* TwitterKitResources.bundle in Resources */ = {isa = PBXBuildFile; fileRef = 2E2F611C1CF6DE6300D9CAC9 /* TwitterKitResources.bundle */; };
		2E2F61211CF6DE6300D9CAC9 /* TwitterCore.framework in Frameworks */ = {isa = PBXBuildFile; fileRef = 2E2F611D1CF6DE6300D9CAC9 /* TwitterCore.framework */; };
		2EF2A3FF1CF6B49F002E339A /* main.m in Sources */ = {isa = PBXBuildFile; fileRef = 2EF2A3FE1CF6B49F002E339A /* main.m */; };
		2EF2A4021CF6B49F002E339A /* AppDelegate.m in Sources */ = {isa = PBXBuildFile; fileRef = 2EF2A4011CF6B49F002E339A /* AppDelegate.m */; };
		2EF2A4051CF6B49F002E339A /* ViewController.m in Sources */ = {isa = PBXBuildFile; fileRef = 2EF2A4041CF6B49F002E339A /* ViewController.m */; };
		2EF2A4081CF6B49F002E339A /* Main.storyboard in Resources */ = {isa = PBXBuildFile; fileRef = 2EF2A4061CF6B49F002E339A /* Main.storyboard */; };
		2EF2A40A1CF6B49F002E339A /* Assets.xcassets in Resources */ = {isa = PBXBuildFile; fileRef = 2EF2A4091CF6B49F002E339A /* Assets.xcassets */; };
		2EF2A40D1CF6B49F002E339A /* LaunchScreen.storyboard in Resources */ = {isa = PBXBuildFile; fileRef = 2EF2A40B1CF6B49F002E339A /* LaunchScreen.storyboard */; };
/* End PBXBuildFile section */

/* Begin PBXFileReference section */
		2E2F611A1CF6DE6300D9CAC9 /* Fabric.framework */ = {isa = PBXFileReference; lastKnownFileType = wrapper.framework; path = Fabric.framework; sourceTree = "<group>"; };
		2E2F611B1CF6DE6300D9CAC9 /* TwitterKit.framework */ = {isa = PBXFileReference; lastKnownFileType = wrapper.framework; path = TwitterKit.framework; sourceTree = "<group>"; };
		2E2F611C1CF6DE6300D9CAC9 /* TwitterKitResources.bundle */ = {isa = PBXFileReference; lastKnownFileType = "wrapper.plug-in"; name = TwitterKitResources.bundle; path = TwitterKit.framework/Versions/A/Resources/TwitterKitResources.bundle; sourceTree = "<group>"; };
		2E2F611D1CF6DE6300D9CAC9 /* TwitterCore.framework */ = {isa = PBXFileReference; lastKnownFileType = wrapper.framework; path = TwitterCore.framework; sourceTree = "<group>"; };
		2EF2A3FA1CF6B49F002E339A /* peekDemoApp.app */ = {isa = PBXFileReference; explicitFileType = wrapper.application; includeInIndex = 0; path = peekDemoApp.app; sourceTree = BUILT_PRODUCTS_DIR; };
		2EF2A3FE1CF6B49F002E339A /* main.m */ = {isa = PBXFileReference; lastKnownFileType = sourcecode.c.objc; path = main.m; sourceTree = "<group>"; };
		2EF2A4001CF6B49F002E339A /* AppDelegate.h */ = {isa = PBXFileReference; lastKnownFileType = sourcecode.c.h; path = AppDelegate.h; sourceTree = "<group>"; };
		2EF2A4011CF6B49F002E339A /* AppDelegate.m */ = {isa = PBXFileReference; lastKnownFileType = sourcecode.c.objc; path = AppDelegate.m; sourceTree = "<group>"; };
		2EF2A4031CF6B49F002E339A /* ViewController.h */ = {isa = PBXFileReference; lastKnownFileType = sourcecode.c.h; path = ViewController.h; sourceTree = "<group>"; };
		2EF2A4041CF6B49F002E339A /* ViewController.m */ = {isa = PBXFileReference; lastKnownFileType = sourcecode.c.objc; path = ViewController.m; sourceTree = "<group>"; };
		2EF2A4071CF6B49F002E339A /* Base */ = {isa = PBXFileReference; lastKnownFileType = file.storyboard; name = Base; path = Base.lproj/Main.storyboard; sourceTree = "<group>"; };
		2EF2A4091CF6B49F002E339A /* Assets.xcassets */ = {isa = PBXFileReference; lastKnownFileType = folder.assetcatalog; path = Assets.xcassets; sourceTree = "<group>"; };
		2EF2A40C1CF6B49F002E339A /* Base */ = {isa = PBXFileReference; lastKnownFileType = file.storyboard; name = Base; path = Base.lproj/LaunchScreen.storyboard; sourceTree = "<group>"; };
		2EF2A40E1CF6B49F002E339A /* Info.plist */ = {isa = PBXFileReference; lastKnownFileType = text.plist.xml; path = Info.plist; sourceTree = "<group>"; };
/* End PBXFileReference section */

/* Begin PBXFrameworksBuildPhase section */
		2EF2A3F71CF6B49F002E339A /* Frameworks */ = {
			isa = PBXFrameworksBuildPhase;
			buildActionMask = 2147483647;
			files = (
				2E2F611E1CF6DE6300D9CAC9 /* Fabric.framework in Frameworks */,
				2E2F61211CF6DE6300D9CAC9 /* TwitterCore.framework in Frameworks */,
				2E2F611F1CF6DE6300D9CAC9 /* TwitterKit.framework in Frameworks */,
			);
			runOnlyForDeploymentPostprocessing = 0;
		};
/* End PBXFrameworksBuildPhase section */

/* Begin PBXGroup section */
		2EF2A3F11CF6B49F002E339A = {
			isa = PBXGroup;
			children = (
				2EF2A3FC1CF6B49F002E339A /* peekDemoApp */,
				2EF2A3FB1CF6B49F002E339A /* Products */,
				2E2F611A1CF6DE6300D9CAC9 /* Fabric.framework */,
				2E2F611B1CF6DE6300D9CAC9 /* TwitterKit.framework */,
				2E2F611C1CF6DE6300D9CAC9 /* TwitterKitResources.bundle */,
				2E2F611D1CF6DE6300D9CAC9 /* TwitterCore.framework */,
			);
			sourceTree = "<group>";
		};
		2EF2A3FB1CF6B49F002E339A /* Products */ = {
			isa = PBXGroup;
			children = (
				2EF2A3FA1CF6B49F002E339A /* peekDemoApp.app */,
			);
			name = Products;
			sourceTree = "<group>";
		};
		2EF2A3FC1CF6B49F002E339A /* peekDemoApp */ = {
			isa = PBXGroup;
			children = (
				2EF2A4001CF6B49F002E339A /* AppDelegate.h */,
				2EF2A4011CF6B49F002E339A /* AppDelegate.m */,
				2EF2A4031CF6B49F002E339A /* ViewController.h */,
				2EF2A4041CF6B49F002E339A /* ViewController.m */,
				2EF2A4061CF6B49F002E339A /* Main.storyboard */,
				2EF2A4091CF6B49F002E339A /* Assets.xcassets */,
				2EF2A40B1CF6B49F002E339A /* LaunchScreen.storyboard */,
				2EF2A40E1CF6B49F002E339A /* Info.plist */,
				2EF2A3FD1CF6B49F002E339A /* Supporting Files */,
			);
			path = peekDemoApp;
			sourceTree = "<group>";
		};
		2EF2A3FD1CF6B49F002E339A /* Supporting Files */ = {
			isa = PBXGroup;
			children = (
				2EF2A3FE1CF6B49F002E339A /* main.m */,
			);
			name = "Supporting Files";
			sourceTree = "<group>";
		};
/* End PBXGroup section */

/* Begin PBXNativeTarget section */
		2EF2A3F91CF6B49F002E339A /* peekDemoApp */ = {
			isa = PBXNativeTarget;
			buildConfigurationList = 2EF2A4111CF6B49F002E339A /* Build configuration list for PBXNativeTarget "peekDemoApp" */;
			buildPhases = (
				2EF2A3F61CF6B49F002E339A /* Sources */,
				2EF2A3F71CF6B49F002E339A /* Frameworks */,
				2EF2A3F81CF6B49F002E339A /* Resources */,
				2E2F61191CF6DDF500D9CAC9 /* ShellScript */,
			);
			buildRules = (
			);
			dependencies = (
			);
			name = peekDemoApp;
			productName = peekDemoApp;
			productReference = 2EF2A3FA1CF6B49F002E339A /* peekDemoApp.app */;
			productType = "com.apple.product-type.application";
		};
/* End PBXNativeTarget section */

/* Begin PBXProject section */
		2EF2A3F21CF6B49F002E339A /* Project object */ = {
			isa = PBXProject;
			attributes = {
				LastUpgradeCheck = 0730;
				ORGANIZATIONNAME = "Rahul Thankachan";
				TargetAttributes = {
					2EF2A3F91CF6B49F002E339A = {
						CreatedOnToolsVersion = 7.3;
					};
				};
			};
			buildConfigurationList = 2EF2A3F51CF6B49F002E339A /* Build configuration list for PBXProject "peekDemoApp" */;
			compatibilityVersion = "Xcode 3.2";
			developmentRegion = English;
			hasScannedForEncodings = 0;
			knownRegions = (
				en,
				Base,
			);
			mainGroup = 2EF2A3F11CF6B49F002E339A;
			productRefGroup = 2EF2A3FB1CF6B49F002E339A /* Products */;
			projectDirPath = "";
			projectRoot = "";
			targets = (
				2EF2A3F91CF6B49F002E339A /* peekDemoApp */,
			);
		};
/* End PBXProject section */

/* Begin PBXResourcesBuildPhase section */
		2EF2A3F81CF6B49F002E339A /* Resources */ = {
			isa = PBXResourcesBuildPhase;
			buildActionMask = 2147483647;
			files = (
				2E2F61201CF6DE6300D9CAC9 /* TwitterKitResources.bundle in Resources */,
				2EF2A40D1CF6B49F002E339A /* LaunchScreen.storyboard in Resources */,
				2EF2A40A1CF6B49F002E339A /* Assets.xcassets in Resources */,
				2EF2A4081CF6B49F002E339A /* Main.storyboard in Resources */,
			);
			runOnlyForDeploymentPostprocessing = 0;
		};
/* End PBXResourcesBuildPhase section */

/* Begin PBXShellScriptBuildPhase section */
		2E2F61191CF6DDF500D9CAC9 /* ShellScript */ = {
			isa = PBXShellScriptBuildPhase;
			buildActionMask = 2147483647;
			files = (
			);
			inputPaths = (
			);
			outputPaths = (
			);
			runOnlyForDeploymentPostprocessing = 0;
			shellPath = /bin/sh;
			shellScript = "./Fabric.framework/run 10e97e7cd5f3d0b6664aa6e8365a5056d7180c86 5069aba46001328a15550d98e8fa219b88bb96a151777e85c30553813dc6c81c";
		};
/* End PBXShellScriptBuildPhase section */

/* Begin PBXSourcesBuildPhase section */
		2EF2A3F61CF6B49F002E339A /* Sources */ = {
			isa = PBXSourcesBuildPhase;
			buildActionMask = 2147483647;
			files = (
				2EF2A4051CF6B49F002E339A /* ViewController.m in Sources */,
				2EF2A4021CF6B49F002E339A /* AppDelegate.m in Sources */,
				2EF2A3FF1CF6B49F002E339A /* main.m in Sources */,
			);
			runOnlyForDeploymentPostprocessing = 0;
		};
/* End PBXSourcesBuildPhase section */

/* Begin PBXVariantGroup section */
		2EF2A4061CF6B49F002E339A /* Main.storyboard */ = {
			isa = PBXVariantGroup;
			children = (
				2EF2A4071CF6B49F002E339A /* Base */,
			);
			name = Main.storyboard;
			sourceTree = "<group>";
		};
		2EF2A40B1CF6B49F002E339A /* LaunchScreen.storyboard */ = {
			isa = PBXVariantGroup;
			children = (
				2EF2A40C1CF6B49F002E339A /* Base */,
			);
			name = LaunchScreen.storyboard;
			sourceTree = "<group>";
		};
/* End PBXVariantGroup section */

/* Begin XCBuildConfiguration section */
		2EF2A40F1CF6B49F002E339A /* Debug */ = {
			isa = XCBuildConfiguration;
			buildSettings = {
				ALWAYS_SEARCH_USER_PATHS = NO;
				CLANG_ANALYZER_NONNULL = YES;
				CLANG_CXX_LANGUAGE_STANDARD = "gnu++0x";
				CLANG_CXX_LIBRARY = "libc++";
				CLANG_ENABLE_MODULES = YES;
				CLANG_ENABLE_OBJC_ARC = YES;
				CLANG_WARN_BOOL_CONVERSION = YES;
				CLANG_WARN_CONSTANT_CONVERSION = YES;
				CLANG_WARN_DIRECT_OBJC_ISA_USAGE = YES_ERROR;
				CLANG_WARN_EMPTY_BODY = YES;
				CLANG_WARN_ENUM_CONVERSION = YES;
				CLANG_WARN_INT_CONVERSION = YES;
				CLANG_WARN_OBJC_ROOT_CLASS = YES_ERROR;
				CLANG_WARN_UNREACHABLE_CODE = YES;
				CLANG_WARN__DUPLICATE_METHOD_MATCH = YES;
				"CODE_SIGN_IDENTITY[sdk=iphoneos*]" = "iPhone Developer";
				COPY_PHASE_STRIP = NO;
				DEBUG_INFORMATION_FORMAT = dwarf;
				ENABLE_STRICT_OBJC_MSGSEND = YES;
				ENABLE_TESTABILITY = YES;
				GCC_C_LANGUAGE_STANDARD = gnu99;
				GCC_DYNAMIC_NO_PIC = NO;
				GCC_NO_COMMON_BLOCKS = YES;
				GCC_OPTIMIZATION_LEVEL = 0;
				GCC_PREPROCESSOR_DEFINITIONS = (
					"DEBUG=1",
					"$(inherited)",
				);
				GCC_WARN_64_TO_32_BIT_CONVERSION = YES;
				GCC_WARN_ABOUT_RETURN_TYPE = YES_ERROR;
				GCC_WARN_UNDECLARED_SELECTOR = YES;
				GCC_WARN_UNINITIALIZED_AUTOS = YES_AGGRESSIVE;
				GCC_WARN_UNUSED_FUNCTION = YES;
				GCC_WARN_UNUSED_VARIABLE = YES;
				IPHONEOS_DEPLOYMENT_TARGET = 9.3;
				MTL_ENABLE_DEBUG_INFO = YES;
				ONLY_ACTIVE_ARCH = YES;
				SDKROOT = iphoneos;
			};
			name = Debug;
		};
		2EF2A4101CF6B49F002E339A /* Release */ = {
			isa = XCBuildConfiguration;
			buildSettings = {
				ALWAYS_SEARCH_USER_PATHS = NO;
				CLANG_ANALYZER_NONNULL = YES;
				CLANG_CXX_LANGUAGE_STANDARD = "gnu++0x";
				CLANG_CXX_LIBRARY = "libc++";
				CLANG_ENABLE_MODULES = YES;
				CLANG_ENABLE_OBJC_ARC = YES;
				CLANG_WARN_BOOL_CONVERSION = YES;
				CLANG_WARN_CONSTANT_CONVERSION = YES;
				CLANG_WARN_DIRECT_OBJC_ISA_USAGE = YES_ERROR;
				CLANG_WARN_EMPTY_BODY = YES;
				CLANG_WARN_ENUM_CONVERSION = YES;
				CLANG_WARN_INT_CONVERSION = YES;
				CLANG_WARN_OBJC_ROOT_CLASS = YES_ERROR;
				CLANG_WARN_UNREACHABLE_CODE = YES;
				CLANG_WARN__DUPLICATE_METHOD_MATCH = YES;
				"CODE_SIGN_IDENTITY[sdk=iphoneos*]" = "iPhone Developer";
				COPY_PHASE_STRIP = NO;
				DEBUG_INFORMATION_FORMAT = "dwarf-with-dsym";
				ENABLE_NS_ASSERTIONS = NO;
				ENABLE_STRICT_OBJC_MSGSEND = YES;
				GCC_C_LANGUAGE_STANDARD = gnu99;
				GCC_NO_COMMON_BLOCKS = YES;
				GCC_WARN_64_TO_32_BIT_CONVERSION = YES;
				GCC_WARN_ABOUT_RETURN_TYPE = YES_ERROR;
				GCC_WARN_UNDECLARED_SELECTOR = YES;
				GCC_WARN_UNINITIALIZED_AUTOS = YES_AGGRESSIVE;
				GCC_WARN_UNUSED_FUNCTION = YES;
				GCC_WARN_UNUSED_VARIABLE = YES;
				IPHONEOS_DEPLOYMENT_TARGET = 9.3;
				MTL_ENABLE_DEBUG_INFO = NO;
				SDKROOT = iphoneos;
				VALIDATE_PRODUCT = YES;
			};
			name = Release;
		};
		2EF2A4121CF6B49F002E339A /* Debug */ = {
			isa = XCBuildConfiguration;
			buildSettings = {
				ASSETCATALOG_COMPILER_APPICON_NAME = AppIcon;
				FRAMEWORK_SEARCH_PATHS = (
					"$(inherited)",
					"$(PROJECT_DIR)",
				);
				INFOPLIST_FILE = peekDemoApp/Info.plist;
				LD_RUNPATH_SEARCH_PATHS = "$(inherited) @executable_path/Frameworks";
				PRODUCT_BUNDLE_IDENTIFIER = com.rahulthankachan.peekDemoApp;
				PRODUCT_NAME = "$(TARGET_NAME)";
			};
			name = Debug;
		};
		2EF2A4131CF6B49F002E339A /* Release */ = {
			isa = XCBuildConfiguration;
			buildSettings = {
				ASSETCATALOG_COMPILER_APPICON_NAME = AppIcon;
				FRAMEWORK_SEARCH_PATHS = (
					"$(inherited)",
					"$(PROJECT_DIR)",
				);
				INFOPLIST_FILE = peekDemoApp/Info.plist;
				LD_RUNPATH_SEARCH_PATHS = "$(inherited) @executable_path/Frameworks";
				PRODUCT_BUNDLE_IDENTIFIER = com.rahulthankachan.peekDemoApp;
				PRODUCT_NAME = "$(TARGET_NAME)";
			};
			name = Release;
		};
/* End XCBuildConfiguration section */

/* Begin XCConfigurationList section */
		2EF2A3F51CF6B49F002E339A /* Build configuration list for PBXProject "peekDemoApp" */ = {
			isa = XCConfigurationList;
			buildConfigurations = (
				2EF2A40F1CF6B49F002E339A /* Debug */,
				2EF2A4101CF6B49F002E339A /* Release */,
			);
			defaultConfigurationIsVisible = 0;
			defaultConfigurationName = Release;
		};
		2EF2A4111CF6B49F002E339A /* Build configuration list for PBXNativeTarget "peekDemoApp" */ = {
			isa = XCConfigurationList;
			buildConfigurations = (
				2EF2A4121CF6B49F002E339A /* Debug */,
				2EF2A4131CF6B49F002E339A /* Release */,
			);
			defaultConfigurationIsVisible = 0;
			defaultConfigurationName = Release;
		};
/* End XCConfigurationList section */
	};
	rootObject = 2EF2A3F21CF6B49F002E339A /* Project object */;
}
